
Microsoft Visual Studio Solution File, Format Version 12.00
# Visual Studio Version 16
VisualStudioVersion = 16.0.29905.134
MinimumVisualStudioVersion = 10.0.40219.1
Project("{FAE04EC0-301F-11D3-BF4B-00C04F79EFBC}") = "HashTableAndBST", "HashTableAndBST.csproj", "{ED3AEC99-E8D1-4FFF-900B-51FAB1B03075}"
EndProject
Project("{FAE04EC0-301F-11D3-BF4B-00C04F79EFBC}") = "HashTableClassModel", "HashTableClassModel\HashTableClassModel.csproj", "{9A9BE7FE-2FD7-46C9-AACB-C9772A6A4367}"
EndProject
Global
	GlobalSection(SolutionConfigurationPlatforms) = preSolution
		Debug|Any CPU = Debug|Any CPU
		Release|Any CPU = Release|Any CPU
	EndGlobalSection
	GlobalSection(ProjectConfigurationPlatforms) = postSolution
		{ED3AEC99-E8D1-4FFF-900B-51FAB1B03075}.Debug|Any CPU.ActiveCfg = Debug|Any CPU
		{ED3AEC99-E8D1-4FFF-900B-51FAB1B03075}.Debug|Any CPU.Build.0 = Debug|Any CPU
		{ED3AEC99-E8D1-4FFF-900B-51FAB1B03075}.Release|Any CPU.ActiveCfg = Release|Any CPU
		{ED3AEC99-E8D1-4FFF-900B-51FAB1B03075}.Release|Any CPU.Build.0 = Release|Any CPU
		{9A9BE7FE-2FD7-46C9-AACB-C9772A6A4367}.Debug|Any CPU.ActiveCfg = Debug|Any CPU
		{9A9BE7FE-2FD7-46C9-AACB-C9772A6A4367}.Debug|Any CPU.Build.0 = Debug|Any CPU
		{9A9BE7FE-2FD7-46C9-AACB-C9772A6A4367}.Release|Any CPU.ActiveCfg = Release|Any CPU
		{9A9BE7FE-2FD7-46C9-AACB-C9772A6A4367}.Release|Any CPU.Build.0 = Release|Any CPU
	EndGlobalSection
	GlobalSection(SolutionProperties) = preSolution
		HideSolutionNode = FALSE
	EndGlobalSection
	GlobalSection(ExtensibilityGlobals) = postSolution
		SolutionGuid = {A4B6DE19-219C-4523-92D5-D5A06028D55E}
	EndGlobalSection
EndGlobal
